
Microsoft Visual Studio Solution File, Format Version 12.00
# Visual Studio Version 16
VisualStudioVersion = 16.0.31729.503
MinimumVisualStudioVersion = 10.0.40219.1
Project("{FAE04EC0-301F-11D3-BF4B-00C04F79EFBC}") = "PQS.DockerCourse.Web", "PQS.DockerCourse.Web\PQS.DockerCourse.Web.csproj", "{DA59E5F3-437E-4B46-BF4D-D9ADA8CF9903}"
EndProject
Project("{FAE04EC0-301F-11D3-BF4B-00C04F79EFBC}") = "PQS.DockerCourse.Workers", "PQS.DockerCourse.Workers\PQS.DockerCourse.Workers.csproj", "{AC491781-70C1-4172-B743-95C42F1A907B}"
EndProject
Project("{FAE04EC0-301F-11D3-BF4B-00C04F79EFBC}") = "PQS.DockerCourse.Messaging", "PQS.DockerCourse.Messaging\PQS.DockerCourse.Messaging.csproj", "{CE9FFD04-611C-486D-8E16-867F220E9560}"
EndProject
Global
	GlobalSection(SolutionConfigurationPlatforms) = preSolution
		Debug|Any CPU = Debug|Any CPU
		Release|Any CPU = Release|Any CPU
	EndGlobalSection
	GlobalSection(ProjectConfigurationPlatforms) = postSolution
		{DA59E5F3-437E-4B46-BF4D-D9ADA8CF9903}.Debug|Any CPU.ActiveCfg = Debug|Any CPU
		{DA59E5F3-437E-4B46-BF4D-D9ADA8CF9903}.Debug|Any CPU.Build.0 = Debug|Any CPU
		{DA59E5F3-437E-4B46-BF4D-D9ADA8CF9903}.Release|Any CPU.ActiveCfg = Release|Any CPU
		{DA59E5F3-437E-4B46-BF4D-D9ADA8CF9903}.Release|Any CPU.Build.0 = Release|Any CPU
		{AC491781-70C1-4172-B743-95C42F1A907B}.Debug|Any CPU.ActiveCfg = Debug|Any CPU
		{AC491781-70C1-4172-B743-95C42F1A907B}.Debug|Any CPU.Build.0 = Debug|Any CPU
		{AC491781-70C1-4172-B743-95C42F1A907B}.Release|Any CPU.ActiveCfg = Release|Any CPU
		{AC491781-70C1-4172-B743-95C42F1A907B}.Release|Any CPU.Build.0 = Release|Any CPU
		{CE9FFD04-611C-486D-8E16-867F220E9560}.Debug|Any CPU.ActiveCfg = Debug|Any CPU
		{CE9FFD04-611C-486D-8E16-867F220E9560}.Debug|Any CPU.Build.0 = Debug|Any CPU
		{CE9FFD04-611C-486D-8E16-867F220E9560}.Release|Any CPU.ActiveCfg = Release|Any CPU
		{CE9FFD04-611C-486D-8E16-867F220E9560}.Release|Any CPU.Build.0 = Release|Any CPU
	EndGlobalSection
	GlobalSection(SolutionProperties) = preSolution
		HideSolutionNode = FALSE
	EndGlobalSection
	GlobalSection(ExtensibilityGlobals) = postSolution
		SolutionGuid = {AA592E39-CD91-4823-9701-18436CD0DB9C}
	EndGlobalSection
EndGlobal
